
Microsoft Visual Studio Solution File, Format Version 12.00
# Visual Studio Version 16
VisualStudioVersion = 16.0.32228.343
MinimumVisualStudioVersion = 10.0.40219.1
Project("{FAE04EC0-301F-11D3-BF4B-00C04F79EFBC}") = "ConsoleApp4", "ConsoleApp4\ConsoleApp4.csproj", "{30E14B6F-A1DD-4C9B-AF7D-E94EAEC23551}"
EndProject
Global
	GlobalSection(SolutionConfigurationPlatforms) = preSolution
		Debug|Any CPU = Debug|Any CPU
		Release|Any CPU = Release|Any CPU
	EndGlobalSection
	GlobalSection(ProjectConfigurationPlatforms) = postSolution
		{30E14B6F-A1DD-4C9B-AF7D-E94EAEC23551}.Debug|Any CPU.ActiveCfg = Debug|Any CPU
		{30E14B6F-A1DD-4C9B-AF7D-E94EAEC23551}.Debug|Any CPU.Build.0 = Debug|Any CPU
		{30E14B6F-A1DD-4C9B-AF7D-E94EAEC23551}.Release|Any CPU.ActiveCfg = Release|Any CPU
		{30E14B6F-A1DD-4C9B-AF7D-E94EAEC23551}.Release|Any CPU.Build.0 = Release|Any CPU
	EndGlobalSection
	GlobalSection(SolutionProperties) = preSolution
		HideSolutionNode = FALSE
	EndGlobalSection
	GlobalSection(ExtensibilityGlobals) = postSolution
		SolutionGuid = {8AE4A5F2-E490-4E0F-8507-C25DBF980071}
	EndGlobalSection
EndGlobal
